
Microsoft Visual Studio Solution File, Format Version 12.00
# Visual Studio Version 17
VisualStudioVersion = 17.2.32519.379
MinimumVisualStudioVersion = 10.0.40219.1
Project("{FAE04EC0-301F-11D3-BF4B-00C04F79EFBC}") = "WindowsFormsApp1_Topolja", "WindowsFormsApp1_Topolja\WindowsFormsApp1_Topolja.csproj", "{946E3103-22DC-4E55-9EB7-7C50A609F7E4}"
EndProject
Global
	GlobalSection(SolutionConfigurationPlatforms) = preSolution
		Debug|Any CPU = Debug|Any CPU
		Release|Any CPU = Release|Any CPU
	EndGlobalSection
	GlobalSection(ProjectConfigurationPlatforms) = postSolution
		{946E3103-22DC-4E55-9EB7-7C50A609F7E4}.Debug|Any CPU.ActiveCfg = Debug|Any CPU
		{946E3103-22DC-4E55-9EB7-7C50A609F7E4}.Debug|Any CPU.Build.0 = Debug|Any CPU
		{946E3103-22DC-4E55-9EB7-7C50A609F7E4}.Release|Any CPU.ActiveCfg = Release|Any CPU
		{946E3103-22DC-4E55-9EB7-7C50A609F7E4}.Release|Any CPU.Build.0 = Release|Any CPU
	EndGlobalSection
	GlobalSection(SolutionProperties) = preSolution
		HideSolutionNode = FALSE
	EndGlobalSection
	GlobalSection(ExtensibilityGlobals) = postSolution
		SolutionGuid = {91052874-E0EE-4AEB-BFE5-320E1F933D9A}
	EndGlobalSection
EndGlobal
